
Microsoft Visual Studio Solution File, Format Version 12.00
# Visual Studio 15
VisualStudioVersion = 15.0.26124.0
MinimumVisualStudioVersion = 15.0.26124.0
Project("{2150E333-8FDC-42A3-9474-1A3956D46DE8}") = "Presentation", "Presentation", "{CA7D359F-3C43-4C5F-AAFB-5DD4EB5D3910}"
EndProject
Project("{FAE04EC0-301F-11D3-BF4B-00C04F79EFBC}") = "api", "Presentation\api\api.csproj", "{D1057D21-6423-4419-A631-9C6AD38DFC83}"
EndProject
Project("{2150E333-8FDC-42A3-9474-1A3956D46DE8}") = "Domain", "Domain", "{489FEA63-881A-4E84-BB51-D780CEC7C8E7}"
EndProject
Project("{FAE04EC0-301F-11D3-BF4B-00C04F79EFBC}") = "Domain.Zombie", "Domain\Domain.Zombie\Domain.Zombie.csproj", "{419232A1-AAFE-4FA1-9269-E6B6457D05CF}"
EndProject
Project("{FAE04EC0-301F-11D3-BF4B-00C04F79EFBC}") = "Domain.Core", "Domain\Domain.Core\Domain.Core.csproj", "{305D4322-5874-4EF4-B7C0-02AC2CE8FBC2}"
EndProject
Project("{2150E333-8FDC-42A3-9474-1A3956D46DE8}") = "Infra", "Infra", "{60537D7F-CAA6-4E6B-9C9D-0A77E30D8423}"
EndProject
Project("{2150E333-8FDC-42A3-9474-1A3956D46DE8}") = "Data", "Data", "{9496FA50-5BAC-44C2-ACAC-4B53887387A6}"
EndProject
Project("{FAE04EC0-301F-11D3-BF4B-00C04F79EFBC}") = "Infra.Data.Core", "Infra\Data\Infra.Data.Core\Infra.Data.Core.csproj", "{38401A5E-DB81-4646-89D1-B9D1957DB523}"
EndProject
Project("{FAE04EC0-301F-11D3-BF4B-00C04F79EFBC}") = "IoC", "Infra\IoC\IoC.csproj", "{01A2E969-4994-4A61-8B4B-568958C654D2}"
EndProject
Project("{FAE04EC0-301F-11D3-BF4B-00C04F79EFBC}") = "Application", "Presentation\Application\Application.csproj", "{263CA9BA-F18B-4326-9950-ADD9441C25D0}"
EndProject
Global
	GlobalSection(SolutionConfigurationPlatforms) = preSolution
		Debug|Any CPU = Debug|Any CPU
		Debug|x64 = Debug|x64
		Debug|x86 = Debug|x86
		Release|Any CPU = Release|Any CPU
		Release|x64 = Release|x64
		Release|x86 = Release|x86
	EndGlobalSection
	GlobalSection(SolutionProperties) = preSolution
		HideSolutionNode = FALSE
	EndGlobalSection
	GlobalSection(ProjectConfigurationPlatforms) = postSolution
		{D1057D21-6423-4419-A631-9C6AD38DFC83}.Debug|Any CPU.ActiveCfg = Debug|Any CPU
		{D1057D21-6423-4419-A631-9C6AD38DFC83}.Debug|Any CPU.Build.0 = Debug|Any CPU
		{D1057D21-6423-4419-A631-9C6AD38DFC83}.Debug|x64.ActiveCfg = Debug|Any CPU
		{D1057D21-6423-4419-A631-9C6AD38DFC83}.Debug|x64.Build.0 = Debug|Any CPU
		{D1057D21-6423-4419-A631-9C6AD38DFC83}.Debug|x86.ActiveCfg = Debug|Any CPU
		{D1057D21-6423-4419-A631-9C6AD38DFC83}.Debug|x86.Build.0 = Debug|Any CPU
		{D1057D21-6423-4419-A631-9C6AD38DFC83}.Release|Any CPU.ActiveCfg = Release|Any CPU
		{D1057D21-6423-4419-A631-9C6AD38DFC83}.Release|Any CPU.Build.0 = Release|Any CPU
		{D1057D21-6423-4419-A631-9C6AD38DFC83}.Release|x64.ActiveCfg = Release|Any CPU
		{D1057D21-6423-4419-A631-9C6AD38DFC83}.Release|x64.Build.0 = Release|Any CPU
		{D1057D21-6423-4419-A631-9C6AD38DFC83}.Release|x86.ActiveCfg = Release|Any CPU
		{D1057D21-6423-4419-A631-9C6AD38DFC83}.Release|x86.Build.0 = Release|Any CPU
		{419232A1-AAFE-4FA1-9269-E6B6457D05CF}.Debug|Any CPU.ActiveCfg = Debug|Any CPU
		{419232A1-AAFE-4FA1-9269-E6B6457D05CF}.Debug|Any CPU.Build.0 = Debug|Any CPU
		{419232A1-AAFE-4FA1-9269-E6B6457D05CF}.Debug|x64.ActiveCfg = Debug|Any CPU
		{419232A1-AAFE-4FA1-9269-E6B6457D05CF}.Debug|x64.Build.0 = Debug|Any CPU
		{419232A1-AAFE-4FA1-9269-E6B6457D05CF}.Debug|x86.ActiveCfg = Debug|Any CPU
		{419232A1-AAFE-4FA1-9269-E6B6457D05CF}.Debug|x86.Build.0 = Debug|Any CPU
		{419232A1-AAFE-4FA1-9269-E6B6457D05CF}.Release|Any CPU.ActiveCfg = Release|Any CPU
		{419232A1-AAFE-4FA1-9269-E6B6457D05CF}.Release|Any CPU.Build.0 = Release|Any CPU
		{419232A1-AAFE-4FA1-9269-E6B6457D05CF}.Release|x64.ActiveCfg = Release|Any CPU
		{419232A1-AAFE-4FA1-9269-E6B6457D05CF}.Release|x64.Build.0 = Release|Any CPU
		{419232A1-AAFE-4FA1-9269-E6B6457D05CF}.Release|x86.ActiveCfg = Release|Any CPU
		{419232A1-AAFE-4FA1-9269-E6B6457D05CF}.Release|x86.Build.0 = Release|Any CPU
		{305D4322-5874-4EF4-B7C0-02AC2CE8FBC2}.Debug|Any CPU.ActiveCfg = Debug|Any CPU
		{305D4322-5874-4EF4-B7C0-02AC2CE8FBC2}.Debug|Any CPU.Build.0 = Debug|Any CPU
		{305D4322-5874-4EF4-B7C0-02AC2CE8FBC2}.Debug|x64.ActiveCfg = Debug|Any CPU
		{305D4322-5874-4EF4-B7C0-02AC2CE8FBC2}.Debug|x64.Build.0 = Debug|Any CPU
		{305D4322-5874-4EF4-B7C0-02AC2CE8FBC2}.Debug|x86.ActiveCfg = Debug|Any CPU
		{305D4322-5874-4EF4-B7C0-02AC2CE8FBC2}.Debug|x86.Build.0 = Debug|Any CPU
		{305D4322-5874-4EF4-B7C0-02AC2CE8FBC2}.Release|Any CPU.ActiveCfg = Release|Any CPU
		{305D4322-5874-4EF4-B7C0-02AC2CE8FBC2}.Release|Any CPU.Build.0 = Release|Any CPU
		{305D4322-5874-4EF4-B7C0-02AC2CE8FBC2}.Release|x64.ActiveCfg = Release|Any CPU
		{305D4322-5874-4EF4-B7C0-02AC2CE8FBC2}.Release|x64.Build.0 = Release|Any CPU
		{305D4322-5874-4EF4-B7C0-02AC2CE8FBC2}.Release|x86.ActiveCfg = Release|Any CPU
		{305D4322-5874-4EF4-B7C0-02AC2CE8FBC2}.Release|x86.Build.0 = Release|Any CPU
		{38401A5E-DB81-4646-89D1-B9D1957DB523}.Debug|Any CPU.ActiveCfg = Debug|Any CPU
		{38401A5E-DB81-4646-89D1-B9D1957DB523}.Debug|Any CPU.Build.0 = Debug|Any CPU
		{38401A5E-DB81-4646-89D1-B9D1957DB523}.Debug|x64.ActiveCfg = Debug|Any CPU
		{38401A5E-DB81-4646-89D1-B9D1957DB523}.Debug|x64.Build.0 = Debug|Any CPU
		{38401A5E-DB81-4646-89D1-B9D1957DB523}.Debug|x86.ActiveCfg = Debug|Any CPU
		{38401A5E-DB81-4646-89D1-B9D1957DB523}.Debug|x86.Build.0 = Debug|Any CPU
		{38401A5E-DB81-4646-89D1-B9D1957DB523}.Release|Any CPU.ActiveCfg = Release|Any CPU
		{38401A5E-DB81-4646-89D1-B9D1957DB523}.Release|Any CPU.Build.0 = Release|Any CPU
		{38401A5E-DB81-4646-89D1-B9D1957DB523}.Release|x64.ActiveCfg = Release|Any CPU
		{38401A5E-DB81-4646-89D1-B9D1957DB523}.Release|x64.Build.0 = Release|Any CPU
		{38401A5E-DB81-4646-89D1-B9D1957DB523}.Release|x86.ActiveCfg = Release|Any CPU
		{38401A5E-DB81-4646-89D1-B9D1957DB523}.Release|x86.Build.0 = Release|Any CPU
		{01A2E969-4994-4A61-8B4B-568958C654D2}.Debug|Any CPU.ActiveCfg = Debug|Any CPU
		{01A2E969-4994-4A61-8B4B-568958C654D2}.Debug|Any CPU.Build.0 = Debug|Any CPU
		{01A2E969-4994-4A61-8B4B-568958C654D2}.Debug|x64.ActiveCfg = Debug|Any CPU
		{01A2E969-4994-4A61-8B4B-568958C654D2}.Debug|x64.Build.0 = Debug|Any CPU
		{01A2E969-4994-4A61-8B4B-568958C654D2}.Debug|x86.ActiveCfg = Debug|Any CPU
		{01A2E969-4994-4A61-8B4B-568958C654D2}.Debug|x86.Build.0 = Debug|Any CPU
		{01A2E969-4994-4A61-8B4B-568958C654D2}.Release|Any CPU.ActiveCfg = Release|Any CPU
		{01A2E969-4994-4A61-8B4B-568958C654D2}.Release|Any CPU.Build.0 = Release|Any CPU
		{01A2E969-4994-4A61-8B4B-568958C654D2}.Release|x64.ActiveCfg = Release|Any CPU
		{01A2E969-4994-4A61-8B4B-568958C654D2}.Release|x64.Build.0 = Release|Any CPU
		{01A2E969-4994-4A61-8B4B-568958C654D2}.Release|x86.ActiveCfg = Release|Any CPU
		{01A2E969-4994-4A61-8B4B-568958C654D2}.Release|x86.Build.0 = Release|Any CPU
		{263CA9BA-F18B-4326-9950-ADD9441C25D0}.Debug|Any CPU.ActiveCfg = Debug|Any CPU
		{263CA9BA-F18B-4326-9950-ADD9441C25D0}.Debug|Any CPU.Build.0 = Debug|Any CPU
		{263CA9BA-F18B-4326-9950-ADD9441C25D0}.Debug|x64.ActiveCfg = Debug|Any CPU
		{263CA9BA-F18B-4326-9950-ADD9441C25D0}.Debug|x64.Build.0 = Debug|Any CPU
		{263CA9BA-F18B-4326-9950-ADD9441C25D0}.Debug|x86.ActiveCfg = Debug|Any CPU
		{263CA9BA-F18B-4326-9950-ADD9441C25D0}.Debug|x86.Build.0 = Debug|Any CPU
		{263CA9BA-F18B-4326-9950-ADD9441C25D0}.Release|Any CPU.ActiveCfg = Release|Any CPU
		{263CA9BA-F18B-4326-9950-ADD9441C25D0}.Release|Any CPU.Build.0 = Release|Any CPU
		{263CA9BA-F18B-4326-9950-ADD9441C25D0}.Release|x64.ActiveCfg = Release|Any CPU
		{263CA9BA-F18B-4326-9950-ADD9441C25D0}.Release|x64.Build.0 = Release|Any CPU
		{263CA9BA-F18B-4326-9950-ADD9441C25D0}.Release|x86.ActiveCfg = Release|Any CPU
		{263CA9BA-F18B-4326-9950-ADD9441C25D0}.Release|x86.Build.0 = Release|Any CPU
	EndGlobalSection
	GlobalSection(NestedProjects) = preSolution
		{D1057D21-6423-4419-A631-9C6AD38DFC83} = {CA7D359F-3C43-4C5F-AAFB-5DD4EB5D3910}
		{419232A1-AAFE-4FA1-9269-E6B6457D05CF} = {489FEA63-881A-4E84-BB51-D780CEC7C8E7}
		{305D4322-5874-4EF4-B7C0-02AC2CE8FBC2} = {489FEA63-881A-4E84-BB51-D780CEC7C8E7}
		{9496FA50-5BAC-44C2-ACAC-4B53887387A6} = {60537D7F-CAA6-4E6B-9C9D-0A77E30D8423}
		{38401A5E-DB81-4646-89D1-B9D1957DB523} = {9496FA50-5BAC-44C2-ACAC-4B53887387A6}
		{01A2E969-4994-4A61-8B4B-568958C654D2} = {60537D7F-CAA6-4E6B-9C9D-0A77E30D8423}
		{263CA9BA-F18B-4326-9950-ADD9441C25D0} = {CA7D359F-3C43-4C5F-AAFB-5DD4EB5D3910}
	EndGlobalSection
EndGlobal
